{
  "name": "2-sprint-mission",
  "lockfileVersion": 3,
  "requires": true,
  "packages": {
    "": {
      "dependencies": {
        "superstruct": "^2.0.2"
      }
    },
    "node_modules/superstruct": {
      "version": "2.0.2",
      "resolved": "https://registry.npmjs.org/superstruct/-/superstruct-2.0.2.tgz",
      "integrity": "sha512-uV+TFRZdXsqXTL2pRvujROjdZQ4RAlBUS5BTh9IGm+jTqQntYThciG/qu57Gs69yjnVUSqdxF9YLmSnpupBW9A==",
      "license": "MIT",
      "engines": {
        "node": ">=14.0.0"
      }
    }
  }
}
